
Microsoft Visual Studio Solution File, Format Version 12.00
# Visual Studio Version 16
VisualStudioVersion = 16.0.31105.61
MinimumVisualStudioVersion = 10.0.40219.1
Project("{FAE04EC0-301F-11D3-BF4B-00C04F79EFBC}") = "ProyectosabadoMVC", "ProyectosabadoMVC\ProyectosabadoMVC.csproj", "{951D299B-F6CA-42B6-A518-5914C9F3E61C}"
EndProject
Global
	GlobalSection(SolutionConfigurationPlatforms) = preSolution
		Debug|Any CPU = Debug|Any CPU
		Release|Any CPU = Release|Any CPU
	EndGlobalSection
	GlobalSection(ProjectConfigurationPlatforms) = postSolution
		{951D299B-F6CA-42B6-A518-5914C9F3E61C}.Debug|Any CPU.ActiveCfg = Debug|Any CPU
		{951D299B-F6CA-42B6-A518-5914C9F3E61C}.Debug|Any CPU.Build.0 = Debug|Any CPU
		{951D299B-F6CA-42B6-A518-5914C9F3E61C}.Release|Any CPU.ActiveCfg = Release|Any CPU
		{951D299B-F6CA-42B6-A518-5914C9F3E61C}.Release|Any CPU.Build.0 = Release|Any CPU
	EndGlobalSection
	GlobalSection(SolutionProperties) = preSolution
		HideSolutionNode = FALSE
	EndGlobalSection
	GlobalSection(ExtensibilityGlobals) = postSolution
		SolutionGuid = {80ABFA6B-7EC4-473C-8325-A2D655CCBE12}
	EndGlobalSection
EndGlobal
